
Microsoft Visual Studio Solution File, Format Version 12.00
# Visual Studio Version 16
VisualStudioVersion = 16.0.29418.71
MinimumVisualStudioVersion = 10.0.40219.1
Project("{FAE04EC0-301F-11D3-BF4B-00C04F79EFBC}") = "ProjectProducts.UWP", "ProjectProducts\ProjectProducts.UWP\ProjectProducts.UWP.csproj", "{AC6F70AD-AD55-4C57-BD1D-0DFA71C24FF0}"
EndProject
Project("{FAE04EC0-301F-11D3-BF4B-00C04F79EFBC}") = "ProjectProducts.Android", "ProjectProducts\ProjectProducts.Android\ProjectProducts.Android.csproj", "{B2515CCE-8795-45D5-A30A-A42A1DA598DE}"
EndProject
Project("{FAE04EC0-301F-11D3-BF4B-00C04F79EFBC}") = "ProjectProducts.iOS", "ProjectProducts\ProjectProducts.iOS\ProjectProducts.iOS.csproj", "{F835ED44-5B72-48C5-AB6B-8CABCAA9F158}"
EndProject
Project("{FAE04EC0-301F-11D3-BF4B-00C04F79EFBC}") = "ProjectProducts", "ProjectProducts\ProjectProducts\ProjectProducts.csproj", "{E569FA3A-A8FC-419C-816B-AB0E52F5706F}"
EndProject
Global
	GlobalSection(SolutionConfigurationPlatforms) = preSolution
		Debug|Any CPU = Debug|Any CPU
		Debug|ARM = Debug|ARM
		Debug|iPhone = Debug|iPhone
		Debug|iPhoneSimulator = Debug|iPhoneSimulator
		Debug|x64 = Debug|x64
		Debug|x86 = Debug|x86
		Release|Any CPU = Release|Any CPU
		Release|ARM = Release|ARM
		Release|iPhone = Release|iPhone
		Release|iPhoneSimulator = Release|iPhoneSimulator
		Release|x64 = Release|x64
		Release|x86 = Release|x86
	EndGlobalSection
	GlobalSection(ProjectConfigurationPlatforms) = postSolution
		{AC6F70AD-AD55-4C57-BD1D-0DFA71C24FF0}.Debug|Any CPU.ActiveCfg = Debug|x86
		{AC6F70AD-AD55-4C57-BD1D-0DFA71C24FF0}.Debug|Any CPU.Build.0 = Debug|x86
		{AC6F70AD-AD55-4C57-BD1D-0DFA71C24FF0}.Debug|Any CPU.Deploy.0 = Debug|x86
		{AC6F70AD-AD55-4C57-BD1D-0DFA71C24FF0}.Debug|ARM.ActiveCfg = Debug|ARM
		{AC6F70AD-AD55-4C57-BD1D-0DFA71C24FF0}.Debug|ARM.Build.0 = Debug|ARM
		{AC6F70AD-AD55-4C57-BD1D-0DFA71C24FF0}.Debug|ARM.Deploy.0 = Debug|ARM
		{AC6F70AD-AD55-4C57-BD1D-0DFA71C24FF0}.Debug|iPhone.ActiveCfg = Debug|x86
		{AC6F70AD-AD55-4C57-BD1D-0DFA71C24FF0}.Debug|iPhone.Build.0 = Debug|x86
		{AC6F70AD-AD55-4C57-BD1D-0DFA71C24FF0}.Debug|iPhone.Deploy.0 = Debug|x86
		{AC6F70AD-AD55-4C57-BD1D-0DFA71C24FF0}.Debug|iPhoneSimulator.ActiveCfg = Debug|x86
		{AC6F70AD-AD55-4C57-BD1D-0DFA71C24FF0}.Debug|iPhoneSimulator.Build.0 = Debug|x86
		{AC6F70AD-AD55-4C57-BD1D-0DFA71C24FF0}.Debug|iPhoneSimulator.Deploy.0 = Debug|x86
		{AC6F70AD-AD55-4C57-BD1D-0DFA71C24FF0}.Debug|x64.ActiveCfg = Debug|x64
		{AC6F70AD-AD55-4C57-BD1D-0DFA71C24FF0}.Debug|x64.Build.0 = Debug|x64
		{AC6F70AD-AD55-4C57-BD1D-0DFA71C24FF0}.Debug|x64.Deploy.0 = Debug|x64
		{AC6F70AD-AD55-4C57-BD1D-0DFA71C24FF0}.Debug|x86.ActiveCfg = Debug|x86
		{AC6F70AD-AD55-4C57-BD1D-0DFA71C24FF0}.Debug|x86.Build.0 = Debug|x86
		{AC6F70AD-AD55-4C57-BD1D-0DFA71C24FF0}.Debug|x86.Deploy.0 = Debug|x86
		{AC6F70AD-AD55-4C57-BD1D-0DFA71C24FF0}.Release|Any CPU.ActiveCfg = Release|x86
		{AC6F70AD-AD55-4C57-BD1D-0DFA71C24FF0}.Release|Any CPU.Build.0 = Release|x86
		{AC6F70AD-AD55-4C57-BD1D-0DFA71C24FF0}.Release|Any CPU.Deploy.0 = Release|x86
		{AC6F70AD-AD55-4C57-BD1D-0DFA71C24FF0}.Release|ARM.ActiveCfg = Release|ARM
		{AC6F70AD-AD55-4C57-BD1D-0DFA71C24FF0}.Release|ARM.Build.0 = Release|ARM
		{AC6F70AD-AD55-4C57-BD1D-0DFA71C24FF0}.Release|ARM.Deploy.0 = Release|ARM
		{AC6F70AD-AD55-4C57-BD1D-0DFA71C24FF0}.Release|iPhone.ActiveCfg = Release|x86
		{AC6F70AD-AD55-4C57-BD1D-0DFA71C24FF0}.Release|iPhone.Build.0 = Release|x86
		{AC6F70AD-AD55-4C57-BD1D-0DFA71C24FF0}.Release|iPhone.Deploy.0 = Release|x86
		{AC6F70AD-AD55-4C57-BD1D-0DFA71C24FF0}.Release|iPhoneSimulator.ActiveCfg = Release|x86
		{AC6F70AD-AD55-4C57-BD1D-0DFA71C24FF0}.Release|iPhoneSimulator.Build.0 = Release|x86
		{AC6F70AD-AD55-4C57-BD1D-0DFA71C24FF0}.Release|iPhoneSimulator.Deploy.0 = Release|x86
		{AC6F70AD-AD55-4C57-BD1D-0DFA71C24FF0}.Release|x64.ActiveCfg = Release|x64
		{AC6F70AD-AD55-4C57-BD1D-0DFA71C24FF0}.Release|x64.Build.0 = Release|x64
		{AC6F70AD-AD55-4C57-BD1D-0DFA71C24FF0}.Release|x64.Deploy.0 = Release|x64
		{AC6F70AD-AD55-4C57-BD1D-0DFA71C24FF0}.Release|x86.ActiveCfg = Release|x86
		{AC6F70AD-AD55-4C57-BD1D-0DFA71C24FF0}.Release|x86.Build.0 = Release|x86
		{AC6F70AD-AD55-4C57-BD1D-0DFA71C24FF0}.Release|x86.Deploy.0 = Release|x86
		{B2515CCE-8795-45D5-A30A-A42A1DA598DE}.Debug|Any CPU.ActiveCfg = Debug|Any CPU
		{B2515CCE-8795-45D5-A30A-A42A1DA598DE}.Debug|Any CPU.Build.0 = Debug|Any CPU
		{B2515CCE-8795-45D5-A30A-A42A1DA598DE}.Debug|Any CPU.Deploy.0 = Debug|Any CPU
		{B2515CCE-8795-45D5-A30A-A42A1DA598DE}.Debug|ARM.ActiveCfg = Debug|Any CPU
		{B2515CCE-8795-45D5-A30A-A42A1DA598DE}.Debug|ARM.Build.0 = Debug|Any CPU
		{B2515CCE-8795-45D5-A30A-A42A1DA598DE}.Debug|ARM.Deploy.0 = Debug|Any CPU
		{B2515CCE-8795-45D5-A30A-A42A1DA598DE}.Debug|iPhone.ActiveCfg = Debug|Any CPU
		{B2515CCE-8795-45D5-A30A-A42A1DA598DE}.Debug|iPhone.Build.0 = Debug|Any CPU
		{B2515CCE-8795-45D5-A30A-A42A1DA598DE}.Debug|iPhone.Deploy.0 = Debug|Any CPU
		{B2515CCE-8795-45D5-A30A-A42A1DA598DE}.Debug|iPhoneSimulator.ActiveCfg = Debug|Any CPU
		{B2515CCE-8795-45D5-A30A-A42A1DA598DE}.Debug|iPhoneSimulator.Build.0 = Debug|Any CPU
		{B2515CCE-8795-45D5-A30A-A42A1DA598DE}.Debug|iPhoneSimulator.Deploy.0 = Debug|Any CPU
		{B2515CCE-8795-45D5-A30A-A42A1DA598DE}.Debug|x64.ActiveCfg = Debug|Any CPU
		{B2515CCE-8795-45D5-A30A-A42A1DA598DE}.Debug|x64.Build.0 = Debug|Any CPU
		{B2515CCE-8795-45D5-A30A-A42A1DA598DE}.Debug|x64.Deploy.0 = Debug|Any CPU
		{B2515CCE-8795-45D5-A30A-A42A1DA598DE}.Debug|x86.ActiveCfg = Debug|Any CPU
		{B2515CCE-8795-45D5-A30A-A42A1DA598DE}.Debug|x86.Build.0 = Debug|Any CPU
		{B2515CCE-8795-45D5-A30A-A42A1DA598DE}.Debug|x86.Deploy.0 = Debug|Any CPU
		{B2515CCE-8795-45D5-A30A-A42A1DA598DE}.Release|Any CPU.ActiveCfg = Release|Any CPU
		{B2515CCE-8795-45D5-A30A-A42A1DA598DE}.Release|Any CPU.Build.0 = Release|Any CPU
		{B2515CCE-8795-45D5-A30A-A42A1DA598DE}.Release|Any CPU.Deploy.0 = Release|Any CPU
		{B2515CCE-8795-45D5-A30A-A42A1DA598DE}.Release|ARM.ActiveCfg = Release|Any CPU
		{B2515CCE-8795-45D5-A30A-A42A1DA598DE}.Release|ARM.Build.0 = Release|Any CPU
		{B2515CCE-8795-45D5-A30A-A42A1DA598DE}.Release|ARM.Deploy.0 = Release|Any CPU
		{B2515CCE-8795-45D5-A30A-A42A1DA598DE}.Release|iPhone.ActiveCfg = Release|Any CPU
		{B2515CCE-8795-45D5-A30A-A42A1DA598DE}.Release|iPhone.Build.0 = Release|Any CPU
		{B2515CCE-8795-45D5-A30A-A42A1DA598DE}.Release|iPhone.Deploy.0 = Release|Any CPU
		{B2515CCE-8795-45D5-A30A-A42A1DA598DE}.Release|iPhoneSimulator.ActiveCfg = Release|Any CPU
		{B2515CCE-8795-45D5-A30A-A42A1DA598DE}.Release|iPhoneSimulator.Build.0 = Release|Any CPU
		{B2515CCE-8795-45D5-A30A-A42A1DA598DE}.Release|iPhoneSimulator.Deploy.0 = Release|Any CPU
		{B2515CCE-8795-45D5-A30A-A42A1DA598DE}.Release|x64.ActiveCfg = Release|Any CPU
		{B2515CCE-8795-45D5-A30A-A42A1DA598DE}.Release|x64.Build.0 = Release|Any CPU
		{B2515CCE-8795-45D5-A30A-A42A1DA598DE}.Release|x64.Deploy.0 = Release|Any CPU
		{B2515CCE-8795-45D5-A30A-A42A1DA598DE}.Release|x86.ActiveCfg = Release|Any CPU
		{B2515CCE-8795-45D5-A30A-A42A1DA598DE}.Release|x86.Build.0 = Release|Any CPU
		{B2515CCE-8795-45D5-A30A-A42A1DA598DE}.Release|x86.Deploy.0 = Release|Any CPU
		{F835ED44-5B72-48C5-AB6B-8CABCAA9F158}.Debug|Any CPU.ActiveCfg = Debug|iPhone
		{F835ED44-5B72-48C5-AB6B-8CABCAA9F158}.Debug|Any CPU.Build.0 = Debug|iPhone
		{F835ED44-5B72-48C5-AB6B-8CABCAA9F158}.Debug|Any CPU.Deploy.0 = Debug|iPhone
		{F835ED44-5B72-48C5-AB6B-8CABCAA9F158}.Debug|ARM.ActiveCfg = Debug|iPhoneSimulator
		{F835ED44-5B72-48C5-AB6B-8CABCAA9F158}.Debug|ARM.Build.0 = Debug|iPhoneSimulator
		{F835ED44-5B72-48C5-AB6B-8CABCAA9F158}.Debug|ARM.Deploy.0 = Debug|iPhoneSimulator
		{F835ED44-5B72-48C5-AB6B-8CABCAA9F158}.Debug|iPhone.ActiveCfg = Debug|iPhone
		{F835ED44-5B72-48C5-AB6B-8CABCAA9F158}.Debug|iPhone.Build.0 = Debug|iPhone
		{F835ED44-5B72-48C5-AB6B-8CABCAA9F158}.Debug|iPhone.Deploy.0 = Debug|iPhone
		{F835ED44-5B72-48C5-AB6B-8CABCAA9F158}.Debug|iPhoneSimulator.ActiveCfg = Debug|iPhoneSimulator
		{F835ED44-5B72-48C5-AB6B-8CABCAA9F158}.Debug|iPhoneSimulator.Build.0 = Debug|iPhoneSimulator
		{F835ED44-5B72-48C5-AB6B-8CABCAA9F158}.Debug|iPhoneSimulator.Deploy.0 = Debug|iPhoneSimulator
		{F835ED44-5B72-48C5-AB6B-8CABCAA9F158}.Debug|x64.ActiveCfg = Debug|iPhone
		{F835ED44-5B72-48C5-AB6B-8CABCAA9F158}.Debug|x64.Build.0 = Debug|iPhone
		{F835ED44-5B72-48C5-AB6B-8CABCAA9F158}.Debug|x64.Deploy.0 = Debug|iPhone
		{F835ED44-5B72-48C5-AB6B-8CABCAA9F158}.Debug|x86.ActiveCfg = Debug|iPhone
		{F835ED44-5B72-48C5-AB6B-8CABCAA9F158}.Debug|x86.Build.0 = Debug|iPhone
		{F835ED44-5B72-48C5-AB6B-8CABCAA9F158}.Debug|x86.Deploy.0 = Debug|iPhone
		{F835ED44-5B72-48C5-AB6B-8CABCAA9F158}.Release|Any CPU.ActiveCfg = Release|iPhone
		{F835ED44-5B72-48C5-AB6B-8CABCAA9F158}.Release|Any CPU.Build.0 = Release|iPhone
		{F835ED44-5B72-48C5-AB6B-8CABCAA9F158}.Release|Any CPU.Deploy.0 = Release|iPhone
		{F835ED44-5B72-48C5-AB6B-8CABCAA9F158}.Release|ARM.ActiveCfg = Release|iPhone
		{F835ED44-5B72-48C5-AB6B-8CABCAA9F158}.Release|ARM.Build.0 = Release|iPhone
		{F835ED44-5B72-48C5-AB6B-8CABCAA9F158}.Release|ARM.Deploy.0 = Release|iPhone
		{F835ED44-5B72-48C5-AB6B-8CABCAA9F158}.Release|iPhone.ActiveCfg = Release|iPhone
		{F835ED44-5B72-48C5-AB6B-8CABCAA9F158}.Release|iPhone.Build.0 = Release|iPhone
		{F835ED44-5B72-48C5-AB6B-8CABCAA9F158}.Release|iPhone.Deploy.0 = Release|iPhone
		{F835ED44-5B72-48C5-AB6B-8CABCAA9F158}.Release|iPhoneSimulator.ActiveCfg = Release|iPhoneSimulator
		{F835ED44-5B72-48C5-AB6B-8CABCAA9F158}.Release|iPhoneSimulator.Build.0 = Release|iPhoneSimulator
		{F835ED44-5B72-48C5-AB6B-8CABCAA9F158}.Release|iPhoneSimulator.Deploy.0 = Release|iPhoneSimulator
		{F835ED44-5B72-48C5-AB6B-8CABCAA9F158}.Release|x64.ActiveCfg = Release|iPhone
		{F835ED44-5B72-48C5-AB6B-8CABCAA9F158}.Release|x64.Build.0 = Release|iPhone
		{F835ED44-5B72-48C5-AB6B-8CABCAA9F158}.Release|x64.Deploy.0 = Release|iPhone
		{F835ED44-5B72-48C5-AB6B-8CABCAA9F158}.Release|x86.ActiveCfg = Release|iPhone
		{F835ED44-5B72-48C5-AB6B-8CABCAA9F158}.Release|x86.Build.0 = Release|iPhone
		{F835ED44-5B72-48C5-AB6B-8CABCAA9F158}.Release|x86.Deploy.0 = Release|iPhone
		{E569FA3A-A8FC-419C-816B-AB0E52F5706F}.Debug|Any CPU.ActiveCfg = Debug|Any CPU
		{E569FA3A-A8FC-419C-816B-AB0E52F5706F}.Debug|Any CPU.Build.0 = Debug|Any CPU
		{E569FA3A-A8FC-419C-816B-AB0E52F5706F}.Debug|Any CPU.Deploy.0 = Debug|Any CPU
		{E569FA3A-A8FC-419C-816B-AB0E52F5706F}.Debug|ARM.ActiveCfg = Debug|Any CPU
		{E569FA3A-A8FC-419C-816B-AB0E52F5706F}.Debug|ARM.Build.0 = Debug|Any CPU
		{E569FA3A-A8FC-419C-816B-AB0E52F5706F}.Debug|ARM.Deploy.0 = Debug|Any CPU
		{E569FA3A-A8FC-419C-816B-AB0E52F5706F}.Debug|iPhone.ActiveCfg = Debug|Any CPU
		{E569FA3A-A8FC-419C-816B-AB0E52F5706F}.Debug|iPhone.Build.0 = Debug|Any CPU
		{E569FA3A-A8FC-419C-816B-AB0E52F5706F}.Debug|iPhone.Deploy.0 = Debug|Any CPU
		{E569FA3A-A8FC-419C-816B-AB0E52F5706F}.Debug|iPhoneSimulator.ActiveCfg = Debug|Any CPU
		{E569FA3A-A8FC-419C-816B-AB0E52F5706F}.Debug|iPhoneSimulator.Build.0 = Debug|Any CPU
		{E569FA3A-A8FC-419C-816B-AB0E52F5706F}.Debug|iPhoneSimulator.Deploy.0 = Debug|Any CPU
		{E569FA3A-A8FC-419C-816B-AB0E52F5706F}.Debug|x64.ActiveCfg = Debug|Any CPU
		{E569FA3A-A8FC-419C-816B-AB0E52F5706F}.Debug|x64.Build.0 = Debug|Any CPU
		{E569FA3A-A8FC-419C-816B-AB0E52F5706F}.Debug|x64.Deploy.0 = Debug|Any CPU
		{E569FA3A-A8FC-419C-816B-AB0E52F5706F}.Debug|x86.ActiveCfg = Debug|Any CPU
		{E569FA3A-A8FC-419C-816B-AB0E52F5706F}.Debug|x86.Build.0 = Debug|Any CPU
		{E569FA3A-A8FC-419C-816B-AB0E52F5706F}.Debug|x86.Deploy.0 = Debug|Any CPU
		{E569FA3A-A8FC-419C-816B-AB0E52F5706F}.Release|Any CPU.ActiveCfg = Release|Any CPU
		{E569FA3A-A8FC-419C-816B-AB0E52F5706F}.Release|Any CPU.Build.0 = Release|Any CPU
		{E569FA3A-A8FC-419C-816B-AB0E52F5706F}.Release|Any CPU.Deploy.0 = Release|Any CPU
		{E569FA3A-A8FC-419C-816B-AB0E52F5706F}.Release|ARM.ActiveCfg = Release|Any CPU
		{E569FA3A-A8FC-419C-816B-AB0E52F5706F}.Release|ARM.Build.0 = Release|Any CPU
		{E569FA3A-A8FC-419C-816B-AB0E52F5706F}.Release|ARM.Deploy.0 = Release|Any CPU
		{E569FA3A-A8FC-419C-816B-AB0E52F5706F}.Release|iPhone.ActiveCfg = Release|Any CPU
		{E569FA3A-A8FC-419C-816B-AB0E52F5706F}.Release|iPhone.Build.0 = Release|Any CPU
		{E569FA3A-A8FC-419C-816B-AB0E52F5706F}.Release|iPhone.Deploy.0 = Release|Any CPU
		{E569FA3A-A8FC-419C-816B-AB0E52F5706F}.Release|iPhoneSimulator.ActiveCfg = Release|Any CPU
		{E569FA3A-A8FC-419C-816B-AB0E52F5706F}.Release|iPhoneSimulator.Build.0 = Release|Any CPU
		{E569FA3A-A8FC-419C-816B-AB0E52F5706F}.Release|iPhoneSimulator.Deploy.0 = Release|Any CPU
		{E569FA3A-A8FC-419C-816B-AB0E52F5706F}.Release|x64.ActiveCfg = Release|Any CPU
		{E569FA3A-A8FC-419C-816B-AB0E52F5706F}.Release|x64.Build.0 = Release|Any CPU
		{E569FA3A-A8FC-419C-816B-AB0E52F5706F}.Release|x64.Deploy.0 = Release|Any CPU
		{E569FA3A-A8FC-419C-816B-AB0E52F5706F}.Release|x86.ActiveCfg = Release|Any CPU
		{E569FA3A-A8FC-419C-816B-AB0E52F5706F}.Release|x86.Build.0 = Release|Any CPU
		{E569FA3A-A8FC-419C-816B-AB0E52F5706F}.Release|x86.Deploy.0 = Release|Any CPU
	EndGlobalSection
	GlobalSection(SolutionProperties) = preSolution
		HideSolutionNode = FALSE
	EndGlobalSection
	GlobalSection(ExtensibilityGlobals) = postSolution
		SolutionGuid = {DB7173C2-64FF-4971-9926-BFDE6995952C}
	EndGlobalSection
EndGlobal
